
Microsoft Visual Studio Solution File, Format Version 12.00
# Visual Studio Version 16
VisualStudioVersion = 16.0.29613.14
MinimumVisualStudioVersion = 10.0.40219.1
Project("{FAE04EC0-301F-11D3-BF4B-00C04F79EFBC}") = "NovaDebt", "NovaDebt\NovaDebt.csproj", "{CA7A60ED-2D5D-4DF6-82DE-7324641451E1}"
EndProject
Global
	GlobalSection(SolutionConfigurationPlatforms) = preSolution
		Debug|Any CPU = Debug|Any CPU
		Release|Any CPU = Release|Any CPU
	EndGlobalSection
	GlobalSection(ProjectConfigurationPlatforms) = postSolution
		{CA7A60ED-2D5D-4DF6-82DE-7324641451E1}.Debug|Any CPU.ActiveCfg = Debug|Any CPU
		{CA7A60ED-2D5D-4DF6-82DE-7324641451E1}.Debug|Any CPU.Build.0 = Debug|Any CPU
		{CA7A60ED-2D5D-4DF6-82DE-7324641451E1}.Release|Any CPU.ActiveCfg = Release|Any CPU
		{CA7A60ED-2D5D-4DF6-82DE-7324641451E1}.Release|Any CPU.Build.0 = Release|Any CPU
	EndGlobalSection
	GlobalSection(SolutionProperties) = preSolution
		HideSolutionNode = FALSE
	EndGlobalSection
	GlobalSection(ExtensibilityGlobals) = postSolution
		SolutionGuid = {A04888B5-7933-4185-9FE9-5926B1272CD0}
	EndGlobalSection
EndGlobal
